
Microsoft Visual Studio Solution File, Format Version 12.00
# Visual Studio Version 17
VisualStudioVersion = 17.0.32014.148
MinimumVisualStudioVersion = 10.0.40219.1
Project("{2150E333-8FDC-42A3-9474-1A3956D46DE8}") = "RreportTMangamentSystem", "RreportTMangamentSystem", "{785848A9-2E6A-43FD-B086-7A4F2C1449D8}"
EndProject
Project("{2150E333-8FDC-42A3-9474-1A3956D46DE8}") = "src", "src", "{0F68E2CA-672D-4201-95C2-A8C1995FCD24}"
EndProject
Project("{2150E333-8FDC-42A3-9474-1A3956D46DE8}") = "docs", "docs", "{AB87A54E-E26C-43D6-9708-DB1457AB5474}"
EndProject
Project("{2150E333-8FDC-42A3-9474-1A3956D46DE8}") = "test", "test", "{70F2D071-30C1-4A66-9191-A86F0AA7DEFB}"
EndProject
Project("{2150E333-8FDC-42A3-9474-1A3956D46DE8}") = "EndPoint", "EndPoint", "{C322D75B-0A9E-4EBA-8A6E-8E1A0C3610F7}"
EndProject
Project("{9A19103F-16F7-4668-BE54-9A1E7A4F7556}") = "ReportMs.Domain", "ReportMs.Domain\ReportMs.Domain.csproj", "{15FEF4CC-9262-4272-B8EB-0680770152BB}"
EndProject
Project("{9A19103F-16F7-4668-BE54-9A1E7A4F7556}") = "ReportMs.Application", "ReportMs.Application\ReportMs.Application.csproj", "{26A79FD6-E090-4556-BE25-AB8033C0F421}"
EndProject
Project("{9A19103F-16F7-4668-BE54-9A1E7A4F7556}") = "ReportMs.Infrastructure", "ReportMs.Infrastructure\ReportMs.Infrastructure.csproj", "{601CFD3E-AA52-4DC4-91C0-1B8E71C699D3}"
EndProject
Project("{2150E333-8FDC-42A3-9474-1A3956D46DE8}") = "UserManagmentSystem", "UserManagmentSystem", "{634FB155-3006-4453-9427-7CD3C8F5A8FF}"
EndProject
Project("{2150E333-8FDC-42A3-9474-1A3956D46DE8}") = "src", "src", "{5A9C934C-87B5-4A6F-AA2F-0C9DC5B35192}"
EndProject
Project("{2150E333-8FDC-42A3-9474-1A3956D46DE8}") = "docs", "docs", "{3798AC22-544F-40D8-AB3F-F2A5C23BA9D8}"
EndProject
Project("{2150E333-8FDC-42A3-9474-1A3956D46DE8}") = "test", "test", "{02442D6F-B151-44D7-AE04-D0ABD2C25CF0}"
EndProject
Project("{9A19103F-16F7-4668-BE54-9A1E7A4F7556}") = "UserMs.Domain", "UserMs.Domain\UserMs.Domain.csproj", "{A612047F-1861-4E4E-ADF9-E8DEF5A5E44E}"
EndProject
Project("{9A19103F-16F7-4668-BE54-9A1E7A4F7556}") = "UserMs.Application", "UserMs.Application\UserMs.Application.csproj", "{9C30137A-2086-44C6-8858-9FA207F165CA}"
EndProject
Project("{9A19103F-16F7-4668-BE54-9A1E7A4F7556}") = "UserMs.Infrastructure", "UserMs.Infrastructure\UserMs.Infrastructure.csproj", "{680DE9E6-C815-4E2B-AED6-0FCED7B02A30}"
EndProject
Project("{9A19103F-16F7-4668-BE54-9A1E7A4F7556}") = "SharedFrameWork", "SharedFrameWork\SharedFrameWork.csproj", "{10638BC5-1358-4593-AA64-190B58E9FB5E}"
EndProject
Project("{9A19103F-16F7-4668-BE54-9A1E7A4F7556}") = "MahdeFoolad", "MahdeFoolad\MahdeFoolad.csproj", "{C9962704-5A52-4C23-9478-40AB990B1B27}"
EndProject
Project("{2150E333-8FDC-42A3-9474-1A3956D46DE8}") = "SiteMenuManagementSystem", "SiteMenuManagementSystem", "{868F1264-6DB5-4CEA-BE8F-3AA16FE4559E}"
EndProject
Project("{2150E333-8FDC-42A3-9474-1A3956D46DE8}") = "src", "src", "{A7BCA315-438B-4A82-A6F8-F4B0EA728121}"
EndProject
Project("{9A19103F-16F7-4668-BE54-9A1E7A4F7556}") = "SiteMenuMs.Domain", "SiteMenuMs.Domain\SiteMenuMs.Domain.csproj", "{FDF3C8F1-33DC-4829-9796-D58A67D3C2A1}"
EndProject
Project("{9A19103F-16F7-4668-BE54-9A1E7A4F7556}") = "SiteMenuMs.Application", "SiteMenuMs.Application\SiteMenuMs.Application.csproj", "{7EDA3617-8D93-4C95-BF8B-00D2423ED980}"
EndProject
Project("{9A19103F-16F7-4668-BE54-9A1E7A4F7556}") = "SiteMenuMs.Infrastrucure", "SiteMenuMs.Infrastrucure\SiteMenuMs.Infrastrucure.csproj", "{78B67D20-25E8-4B19-AC8F-3C0761122BFA}"
EndProject
Project("{FAE04EC0-301F-11D3-BF4B-00C04F79EFBC}") = "TestApp", "TestApp\TestApp.csproj", "{BA318309-9078-4E8E-A6AF-CBFC482CB61D}"
EndProject
Global
	GlobalSection(SolutionConfigurationPlatforms) = preSolution
		Debug|Any CPU = Debug|Any CPU
		Release|Any CPU = Release|Any CPU
	EndGlobalSection
	GlobalSection(ProjectConfigurationPlatforms) = postSolution
		{15FEF4CC-9262-4272-B8EB-0680770152BB}.Debug|Any CPU.ActiveCfg = Debug|Any CPU
		{15FEF4CC-9262-4272-B8EB-0680770152BB}.Debug|Any CPU.Build.0 = Debug|Any CPU
		{15FEF4CC-9262-4272-B8EB-0680770152BB}.Release|Any CPU.ActiveCfg = Release|Any CPU
		{15FEF4CC-9262-4272-B8EB-0680770152BB}.Release|Any CPU.Build.0 = Release|Any CPU
		{26A79FD6-E090-4556-BE25-AB8033C0F421}.Debug|Any CPU.ActiveCfg = Debug|Any CPU
		{26A79FD6-E090-4556-BE25-AB8033C0F421}.Debug|Any CPU.Build.0 = Debug|Any CPU
		{26A79FD6-E090-4556-BE25-AB8033C0F421}.Release|Any CPU.ActiveCfg = Release|Any CPU
		{26A79FD6-E090-4556-BE25-AB8033C0F421}.Release|Any CPU.Build.0 = Release|Any CPU
		{601CFD3E-AA52-4DC4-91C0-1B8E71C699D3}.Debug|Any CPU.ActiveCfg = Debug|Any CPU
		{601CFD3E-AA52-4DC4-91C0-1B8E71C699D3}.Debug|Any CPU.Build.0 = Debug|Any CPU
		{601CFD3E-AA52-4DC4-91C0-1B8E71C699D3}.Release|Any CPU.ActiveCfg = Release|Any CPU
		{601CFD3E-AA52-4DC4-91C0-1B8E71C699D3}.Release|Any CPU.Build.0 = Release|Any CPU
		{A612047F-1861-4E4E-ADF9-E8DEF5A5E44E}.Debug|Any CPU.ActiveCfg = Debug|Any CPU
		{A612047F-1861-4E4E-ADF9-E8DEF5A5E44E}.Debug|Any CPU.Build.0 = Debug|Any CPU
		{A612047F-1861-4E4E-ADF9-E8DEF5A5E44E}.Release|Any CPU.ActiveCfg = Release|Any CPU
		{A612047F-1861-4E4E-ADF9-E8DEF5A5E44E}.Release|Any CPU.Build.0 = Release|Any CPU
		{9C30137A-2086-44C6-8858-9FA207F165CA}.Debug|Any CPU.ActiveCfg = Debug|Any CPU
		{9C30137A-2086-44C6-8858-9FA207F165CA}.Debug|Any CPU.Build.0 = Debug|Any CPU
		{9C30137A-2086-44C6-8858-9FA207F165CA}.Release|Any CPU.ActiveCfg = Release|Any CPU
		{9C30137A-2086-44C6-8858-9FA207F165CA}.Release|Any CPU.Build.0 = Release|Any CPU
		{680DE9E6-C815-4E2B-AED6-0FCED7B02A30}.Debug|Any CPU.ActiveCfg = Debug|Any CPU
		{680DE9E6-C815-4E2B-AED6-0FCED7B02A30}.Debug|Any CPU.Build.0 = Debug|Any CPU
		{680DE9E6-C815-4E2B-AED6-0FCED7B02A30}.Release|Any CPU.ActiveCfg = Release|Any CPU
		{680DE9E6-C815-4E2B-AED6-0FCED7B02A30}.Release|Any CPU.Build.0 = Release|Any CPU
		{10638BC5-1358-4593-AA64-190B58E9FB5E}.Debug|Any CPU.ActiveCfg = Debug|Any CPU
		{10638BC5-1358-4593-AA64-190B58E9FB5E}.Debug|Any CPU.Build.0 = Debug|Any CPU
		{10638BC5-1358-4593-AA64-190B58E9FB5E}.Release|Any CPU.ActiveCfg = Release|Any CPU
		{10638BC5-1358-4593-AA64-190B58E9FB5E}.Release|Any CPU.Build.0 = Release|Any CPU
		{C9962704-5A52-4C23-9478-40AB990B1B27}.Debug|Any CPU.ActiveCfg = Debug|Any CPU
		{C9962704-5A52-4C23-9478-40AB990B1B27}.Debug|Any CPU.Build.0 = Debug|Any CPU
		{C9962704-5A52-4C23-9478-40AB990B1B27}.Release|Any CPU.ActiveCfg = Release|Any CPU
		{C9962704-5A52-4C23-9478-40AB990B1B27}.Release|Any CPU.Build.0 = Release|Any CPU
		{FDF3C8F1-33DC-4829-9796-D58A67D3C2A1}.Debug|Any CPU.ActiveCfg = Debug|Any CPU
		{FDF3C8F1-33DC-4829-9796-D58A67D3C2A1}.Debug|Any CPU.Build.0 = Debug|Any CPU
		{FDF3C8F1-33DC-4829-9796-D58A67D3C2A1}.Release|Any CPU.ActiveCfg = Release|Any CPU
		{FDF3C8F1-33DC-4829-9796-D58A67D3C2A1}.Release|Any CPU.Build.0 = Release|Any CPU
		{7EDA3617-8D93-4C95-BF8B-00D2423ED980}.Debug|Any CPU.ActiveCfg = Debug|Any CPU
		{7EDA3617-8D93-4C95-BF8B-00D2423ED980}.Debug|Any CPU.Build.0 = Debug|Any CPU
		{7EDA3617-8D93-4C95-BF8B-00D2423ED980}.Release|Any CPU.ActiveCfg = Release|Any CPU
		{7EDA3617-8D93-4C95-BF8B-00D2423ED980}.Release|Any CPU.Build.0 = Release|Any CPU
		{78B67D20-25E8-4B19-AC8F-3C0761122BFA}.Debug|Any CPU.ActiveCfg = Debug|Any CPU
		{78B67D20-25E8-4B19-AC8F-3C0761122BFA}.Debug|Any CPU.Build.0 = Debug|Any CPU
		{78B67D20-25E8-4B19-AC8F-3C0761122BFA}.Release|Any CPU.ActiveCfg = Release|Any CPU
		{78B67D20-25E8-4B19-AC8F-3C0761122BFA}.Release|Any CPU.Build.0 = Release|Any CPU
		{BA318309-9078-4E8E-A6AF-CBFC482CB61D}.Debug|Any CPU.ActiveCfg = Debug|Any CPU
		{BA318309-9078-4E8E-A6AF-CBFC482CB61D}.Debug|Any CPU.Build.0 = Debug|Any CPU
		{BA318309-9078-4E8E-A6AF-CBFC482CB61D}.Release|Any CPU.ActiveCfg = Release|Any CPU
		{BA318309-9078-4E8E-A6AF-CBFC482CB61D}.Release|Any CPU.Build.0 = Release|Any CPU
	EndGlobalSection
	GlobalSection(SolutionProperties) = preSolution
		HideSolutionNode = FALSE
	EndGlobalSection
	GlobalSection(NestedProjects) = preSolution
		{0F68E2CA-672D-4201-95C2-A8C1995FCD24} = {785848A9-2E6A-43FD-B086-7A4F2C1449D8}
		{AB87A54E-E26C-43D6-9708-DB1457AB5474} = {785848A9-2E6A-43FD-B086-7A4F2C1449D8}
		{70F2D071-30C1-4A66-9191-A86F0AA7DEFB} = {785848A9-2E6A-43FD-B086-7A4F2C1449D8}
		{15FEF4CC-9262-4272-B8EB-0680770152BB} = {0F68E2CA-672D-4201-95C2-A8C1995FCD24}
		{26A79FD6-E090-4556-BE25-AB8033C0F421} = {0F68E2CA-672D-4201-95C2-A8C1995FCD24}
		{601CFD3E-AA52-4DC4-91C0-1B8E71C699D3} = {0F68E2CA-672D-4201-95C2-A8C1995FCD24}
		{5A9C934C-87B5-4A6F-AA2F-0C9DC5B35192} = {634FB155-3006-4453-9427-7CD3C8F5A8FF}
		{3798AC22-544F-40D8-AB3F-F2A5C23BA9D8} = {634FB155-3006-4453-9427-7CD3C8F5A8FF}
		{02442D6F-B151-44D7-AE04-D0ABD2C25CF0} = {634FB155-3006-4453-9427-7CD3C8F5A8FF}
		{A612047F-1861-4E4E-ADF9-E8DEF5A5E44E} = {5A9C934C-87B5-4A6F-AA2F-0C9DC5B35192}
		{9C30137A-2086-44C6-8858-9FA207F165CA} = {5A9C934C-87B5-4A6F-AA2F-0C9DC5B35192}
		{680DE9E6-C815-4E2B-AED6-0FCED7B02A30} = {5A9C934C-87B5-4A6F-AA2F-0C9DC5B35192}
		{C9962704-5A52-4C23-9478-40AB990B1B27} = {C322D75B-0A9E-4EBA-8A6E-8E1A0C3610F7}
		{A7BCA315-438B-4A82-A6F8-F4B0EA728121} = {868F1264-6DB5-4CEA-BE8F-3AA16FE4559E}
		{FDF3C8F1-33DC-4829-9796-D58A67D3C2A1} = {A7BCA315-438B-4A82-A6F8-F4B0EA728121}
		{7EDA3617-8D93-4C95-BF8B-00D2423ED980} = {A7BCA315-438B-4A82-A6F8-F4B0EA728121}
		{78B67D20-25E8-4B19-AC8F-3C0761122BFA} = {A7BCA315-438B-4A82-A6F8-F4B0EA728121}
	EndGlobalSection
	GlobalSection(ExtensibilityGlobals) = postSolution
		SolutionGuid = {4A876F56-71E7-4222-AF0D-3FE73D56CC89}
	EndGlobalSection
EndGlobal
